{
    "_readme": [
        "This file locks the dependencies of your project to a known state",
        "Read more about it at https://getcomposer.org/doc/01-basic-usage.md#installing-dependencies",
        "This file is @generated automatically"
    ],
    "content-hash": "64ffd9451e74c9d7dcde09c1d66173a3",
    "packages": [
        {
            "name": "nimetu/rrs_client",
            "version": "v1.2.0",
            "source": {
                "type": "git",
                "url": "https://github.com/nimetu/rrs_client.git",
                "reference": "6e5e77022b3562f5074c58888d040fc939ceab4c"
            },
            "dist": {
                "type": "zip",
                "url": "https://api.github.com/repos/nimetu/rrs_client/zipball/6e5e77022b3562f5074c58888d040fc939ceab4c",
                "reference": "6e5e77022b3562f5074c58888d040fc939ceab4c",
                "shasum": ""
            },
            "require": {
                "nimetu/ryzom_extra": "1.*",
                "nimetu/ryzom_sheets": "1.*",
                "php": ">=5.4.0"
            },
            "type": "library",
            "autoload": {
                "psr-0": {
                    "Rrs": "lib/"
                }
            },
            "notification-url": "https://packagist.org/downloads/",
            "license": [
                "LGPL"
            ],
            "authors": [
                {
                    "name": "Meelis Mägi",
                    "email": "nimetu@gmail.com"
                }
            ],
            "description": "Php client for Ryzom rendering service",
            "homepage": "http://bmsite.net",
            "keywords": [
                "ryzom"
            ],
            "support": {
                "issues": "https://github.com/nimetu/rrs_client/issues",
                "source": "https://github.com/nimetu/rrs_client/tree/v1.2.0"
            },
            "time": "2015-12-11T22:21:25+00:00"
        },
        {
            "name": "nimetu/ryzom_extra",
            "version": "v1.17.0",
            "source": {
                "type": "git",
                "url": "https://github.com/nimetu/ryzom_extra.git",
                "reference": "47c3fbba3a0f2c8c0cc4d9baac620976ac7c5bf8"
            },
            "dist": {
                "type": "zip",
                "url": "https://api.github.com/repos/nimetu/ryzom_extra/zipball/47c3fbba3a0f2c8c0cc4d9baac620976ac7c5bf8",
                "reference": "47c3fbba3a0f2c8c0cc4d9baac620976ac7c5bf8",
                "shasum": ""
            },
            "require": {
                "php": ">=5.3.0"
            },
            "require-dev": {
                "nimetu/ryzom_sheets": "1.*",
                "php": ">=7.2.5",
                "pimple/pimple": "3.*"
            },
            "type": "library",
            "autoload": {
                "files": [
                    "ryzom_extra.php"
                ],
                "psr-0": {
                    "RyzomExtra": "lib"
                }
            },
            "notification-url": "https://packagist.org/downloads/",
            "license": [
                "LGPL-3.0-or-later"
            ],
            "authors": [
                {
                    "name": "Meelis Mägi",
                    "email": "nimetu@gmail.com"
                }
            ],
            "description": "Functions and data for ryzom sheet files",
            "homepage": "http://bmsite.net",
            "keywords": [
                "ryzom"
            ],
            "support": {
                "issues": "https://github.com/nimetu/ryzom_extra/issues",
                "source": "https://github.com/nimetu/ryzom_extra/tree/v1.17.0"
            },
            "time": "2024-11-08T12:37:04+00:00"
        },
        {
            "name": "nimetu/ryzom_sheets",
            "version": "v1.8.0",
            "source": {
                "type": "git",
                "url": "https://github.com/nimetu/ryzom_sheets.git",
                "reference": "e31eb8da9c2b99f1d0713068ef734d151dda6e16"
            },
            "dist": {
                "type": "zip",
                "url": "https://api.github.com/repos/nimetu/ryzom_sheets/zipball/e31eb8da9c2b99f1d0713068ef734d151dda6e16",
                "reference": "e31eb8da9c2b99f1d0713068ef734d151dda6e16",
                "shasum": ""
            },
            "require": {
                "php": ">=5.3.0"
            },
            "type": "library",
            "autoload": {
                "psr-0": {
                    "Nel": "lib/",
                    "Ryzom": "lib/"
                }
            },
            "notification-url": "https://packagist.org/downloads/",
            "license": [
                "LGPL-3.0-or-later"
            ],
            "authors": [
                {
                    "name": "Meelis Mägi",
                    "email": "nimetu@gmail.com"
                }
            ],
            "description": "Ryzom and Nel specific classes",
            "homepage": "http://bmsite.net",
            "keywords": [
                "nel",
                "ryzom"
            ],
            "support": {
                "issues": "https://github.com/nimetu/ryzom_sheets/issues",
                "source": "https://github.com/nimetu/ryzom_sheets/tree/v1.8.0"
            },
            "time": "2024-07-07T09:36:05+00:00"
        }
    ],
    "packages-dev": [],
    "aliases": [],
    "minimum-stability": "stable",
    "stability-flags": [],
    "prefer-stable": false,
    "prefer-lowest": false,
    "platform": [],
    "platform-dev": [],
    "plugin-api-version": "2.6.0"
}
